
Microsoft Visual Studio Solution File, Format Version 12.00
# Visual Studio 15
Project("{FAE04EC0-301F-11D3-BF4B-00C04F79EFBC}") = "NRedisBenchmark", "NRedisBenchmark\NRedisBenchmark.csproj", "{28E0AF13-C765-444D-BC61-3A9C2D7BDFAC}"
EndProject
Global
	GlobalSection(SolutionConfigurationPlatforms) = preSolution
		Debug|Any CPU = Debug|Any CPU
		Release|Any CPU = Release|Any CPU
	EndGlobalSection
	GlobalSection(ProjectConfigurationPlatforms) = postSolution
		{28E0AF13-C765-444D-BC61-3A9C2D7BDFAC}.Debug|Any CPU.ActiveCfg = Debug|Any CPU
		{28E0AF13-C765-444D-BC61-3A9C2D7BDFAC}.Debug|Any CPU.Build.0 = Debug|Any CPU
		{28E0AF13-C765-444D-BC61-3A9C2D7BDFAC}.Release|Any CPU.ActiveCfg = Release|Any CPU
		{28E0AF13-C765-444D-BC61-3A9C2D7BDFAC}.Release|Any CPU.Build.0 = Release|Any CPU
	EndGlobalSection
EndGlobal
